// !$*UTF8*$!
{
	archiveVersion = 1;
	classes = {
	};
	objectVersion = 55;
	objects = {

/* Begin PBXBuildFile section */
		904B25832837E7B300C1F63D /* InshortsApp.swift in Sources */ = {isa = PBXBuildFile; fileRef = 904B25822837E7B300C1F63D /* InshortsApp.swift */; };
		904B25852837E7B300C1F63D /* HomeListView.swift in Sources */ = {isa = PBXBuildFile; fileRef = 904B25842837E7B300C1F63D /* HomeListView.swift */; };
		904B25872837E7B800C1F63D /* Assets.xcassets in Resources */ = {isa = PBXBuildFile; fileRef = 904B25862837E7B800C1F63D /* Assets.xcassets */; };
		904B258A2837E7B800C1F63D /* Preview Assets.xcassets in Resources */ = {isa = PBXBuildFile; fileRef = 904B25892837E7B800C1F63D /* Preview Assets.xcassets */; };
		904B259E2837E7B900C1F63D /* InshortsUITests.swift in Sources */ = {isa = PBXBuildFile; fileRef = 904B259D2837E7B900C1F63D /* InshortsUITests.swift */; };
		904B25A02837E7B900C1F63D /* InshortsUITestsLaunchTests.swift in Sources */ = {isa = PBXBuildFile; fileRef = 904B259F2837E7B900C1F63D /* InshortsUITestsLaunchTests.swift */; };
		906F0B64283949C2009BF118 /* News.swift in Sources */ = {isa = PBXBuildFile; fileRef = 906F0B63283949C2009BF118 /* News.swift */; };
		906F0B6728394C16009BF118 /* API.swift in Sources */ = {isa = PBXBuildFile; fileRef = 906F0B6628394C16009BF118 /* API.swift */; };
		906F0B6928394EE6009BF118 /* APITests.swift in Sources */ = {isa = PBXBuildFile; fileRef = 906F0B6828394EE6009BF118 /* APITests.swift */; };
		906F0B6B283957BD009BF118 /* APIError.swift in Sources */ = {isa = PBXBuildFile; fileRef = 906F0B6A283957BD009BF118 /* APIError.swift */; };
		906F0B6D28395813009BF118 /* APIErrorTests.swift in Sources */ = {isa = PBXBuildFile; fileRef = 906F0B6C28395813009BF118 /* APIErrorTests.swift */; };
		906F0B7028395A26009BF118 /* NewsService.swift in Sources */ = {isa = PBXBuildFile; fileRef = 906F0B6F28395A26009BF118 /* NewsService.swift */; };
		906F0B7328395C7C009BF118 /* NewsServiceMock.swift in Sources */ = {isa = PBXBuildFile; fileRef = 906F0B7228395C7C009BF118 /* NewsServiceMock.swift */; };
		906F0B7628396077009BF118 /* HomeListViewModel.swift in Sources */ = {isa = PBXBuildFile; fileRef = 906F0B7528396077009BF118 /* HomeListViewModel.swift */; };
		906F0B78283969BD009BF118 /* HomeListViewModelTests.swift in Sources */ = {isa = PBXBuildFile; fileRef = 906F0B77283969BD009BF118 /* HomeListViewModelTests.swift */; };
		906F0B7B28397383009BF118 /* News+Helpers.swift in Sources */ = {isa = PBXBuildFile; fileRef = 906F0B7A28397383009BF118 /* News+Helpers.swift */; };
/* End PBXBuildFile section */

/* Begin PBXContainerItemProxy section */
		904B25902837E7B900C1F63D /* PBXContainerItemProxy */ = {
			isa = PBXContainerItemProxy;
			containerPortal = 904B25772837E7B300C1F63D /* Project object */;
			proxyType = 1;
			remoteGlobalIDString = 904B257E2837E7B300C1F63D;
			remoteInfo = InshortsAPI;
		};
		904B259A2837E7B900C1F63D /* PBXContainerItemProxy */ = {
			isa = PBXContainerItemProxy;
			containerPortal = 904B25772837E7B300C1F63D /* Project object */;
			proxyType = 1;
			remoteGlobalIDString = 904B257E2837E7B300C1F63D;
			remoteInfo = InshortsAPI;
		};
/* End PBXContainerItemProxy section */

/* Begin PBXFileReference section */
		904B257F2837E7B300C1F63D /* Inshorts.app */ = {isa = PBXFileReference; explicitFileType = wrapper.application; includeInIndex = 0; path = Inshorts.app; sourceTree = BUILT_PRODUCTS_DIR; };
		904B25822837E7B300C1F63D /* InshortsApp.swift */ = {isa = PBXFileReference; lastKnownFileType = sourcecode.swift; path = InshortsApp.swift; sourceTree = "<group>"; };
		904B25842837E7B300C1F63D /* HomeListView.swift */ = {isa = PBXFileReference; lastKnownFileType = sourcecode.swift; path = HomeListView.swift; sourceTree = "<group>"; };
		904B25862837E7B800C1F63D /* Assets.xcassets */ = {isa = PBXFileReference; lastKnownFileType = folder.assetcatalog; path = Assets.xcassets; sourceTree = "<group>"; };
		904B25892837E7B800C1F63D /* Preview Assets.xcassets */ = {isa = PBXFileReference; lastKnownFileType = folder.assetcatalog; path = "Preview Assets.xcassets"; sourceTree = "<group>"; };
		904B258F2837E7B900C1F63D /* InshortsTests.xctest */ = {isa = PBXFileReference; explicitFileType = wrapper.cfbundle; includeInIndex = 0; path = InshortsTests.xctest; sourceTree = BUILT_PRODUCTS_DIR; };
		904B25992837E7B900C1F63D /* InshortsUITests.xctest */ = {isa = PBXFileReference; explicitFileType = wrapper.cfbundle; includeInIndex = 0; path = InshortsUITests.xctest; sourceTree = BUILT_PRODUCTS_DIR; };
		904B259D2837E7B900C1F63D /* InshortsUITests.swift */ = {isa = PBXFileReference; lastKnownFileType = sourcecode.swift; path = InshortsUITests.swift; sourceTree = "<group>"; };
		904B259F2837E7B900C1F63D /* InshortsUITestsLaunchTests.swift */ = {isa = PBXFileReference; lastKnownFileType = sourcecode.swift; path = InshortsUITestsLaunchTests.swift; sourceTree = "<group>"; };
		906F0B63283949C2009BF118 /* News.swift */ = {isa = PBXFileReference; lastKnownFileType = sourcecode.swift; path = News.swift; sourceTree = "<group>"; };
		906F0B6628394C16009BF118 /* API.swift */ = {isa = PBXFileReference; lastKnownFileType = sourcecode.swift; path = API.swift; sourceTree = "<group>"; };
		906F0B6828394EE6009BF118 /* APITests.swift */ = {isa = PBXFileReference; lastKnownFileType = sourcecode.swift; path = APITests.swift; sourceTree = "<group>"; };
		906F0B6A283957BD009BF118 /* APIError.swift */ = {isa = PBXFileReference; lastKnownFileType = sourcecode.swift; path = APIError.swift; sourceTree = "<group>"; };
		906F0B6C28395813009BF118 /* APIErrorTests.swift */ = {isa = PBXFileReference; lastKnownFileType = sourcecode.swift; path = APIErrorTests.swift; sourceTree = "<group>"; };
		906F0B6F28395A26009BF118 /* NewsService.swift */ = {isa = PBXFileReference; lastKnownFileType = sourcecode.swift; path = NewsService.swift; sourceTree = "<group>"; };
		906F0B7228395C7C009BF118 /* NewsServiceMock.swift */ = {isa = PBXFileReference; lastKnownFileType = sourcecode.swift; path = NewsServiceMock.swift; sourceTree = "<group>"; };
		906F0B7528396077009BF118 /* HomeListViewModel.swift */ = {isa = PBXFileReference; lastKnownFileType = sourcecode.swift; path = HomeListViewModel.swift; sourceTree = "<group>"; };
		906F0B77283969BD009BF118 /* HomeListViewModelTests.swift */ = {isa = PBXFileReference; lastKnownFileType = sourcecode.swift; path = HomeListViewModelTests.swift; sourceTree = "<group>"; };
		906F0B7A28397383009BF118 /* News+Helpers.swift */ = {isa = PBXFileReference; lastKnownFileType = sourcecode.swift; path = "News+Helpers.swift"; sourceTree = "<group>"; };
/* End PBXFileReference section */

/* Begin PBXFrameworksBuildPhase section */
		904B257C2837E7B300C1F63D /* Frameworks */ = {
			isa = PBXFrameworksBuildPhase;
			buildActionMask = 2147483647;
			files = (
			);
			runOnlyForDeploymentPostprocessing = 0;
		};
		904B258C2837E7B900C1F63D /* Frameworks */ = {
			isa = PBXFrameworksBuildPhase;
			buildActionMask = 2147483647;
			files = (
			);
			runOnlyForDeploymentPostprocessing = 0;
		};
		904B25962837E7B900C1F63D /* Frameworks */ = {
			isa = PBXFrameworksBuildPhase;
			buildActionMask = 2147483647;
			files = (
			);
			runOnlyForDeploymentPostprocessing = 0;
		};
/* End PBXFrameworksBuildPhase section */

/* Begin PBXGroup section */
		904B25762837E7B300C1F63D = {
			isa = PBXGroup;
			children = (
				904B25812837E7B300C1F63D /* Inshorts */,
				904B25922837E7B900C1F63D /* InshortsTests */,
				904B259C2837E7B900C1F63D /* InshortsUITests */,
				904B25802837E7B300C1F63D /* Products */,
			);
			sourceTree = "<group>";
		};
		904B25802837E7B300C1F63D /* Products */ = {
			isa = PBXGroup;
			children = (
				904B257F2837E7B300C1F63D /* Inshorts.app */,
				904B258F2837E7B900C1F63D /* InshortsTests.xctest */,
				904B25992837E7B900C1F63D /* InshortsUITests.xctest */,
			);
			name = Products;
			sourceTree = "<group>";
		};
		904B25812837E7B300C1F63D /* Inshorts */ = {
			isa = PBXGroup;
			children = (
				904B25862837E7B800C1F63D /* Assets.xcassets */,
				906F0B6528394BFB009BF118 /* Endpoints */,
				904B25822837E7B300C1F63D /* InshortsApp.swift */,
				906F0B622839495C009BF118 /* Models */,
				904B25882837E7B800C1F63D /* Preview Content */,
				906F0B6E283959D2009BF118 /* Services */,
				906F0B742839605A009BF118 /* ViewModels */,
				904B25AC2839429800C1F63D /* Views */,
			);
			path = Inshorts;
			sourceTree = "<group>";
		};
		904B25882837E7B800C1F63D /* Preview Content */ = {
			isa = PBXGroup;
			children = (
				904B25892837E7B800C1F63D /* Preview Assets.xcassets */,
			);
			path = "Preview Content";
			sourceTree = "<group>";
		};
		904B25922837E7B900C1F63D /* InshortsTests */ = {
			isa = PBXGroup;
			children = (
				906F0B7928397357009BF118 /* Helpers */,
				906F0B7128395C5C009BF118 /* Mocks */,
				906F0B6828394EE6009BF118 /* APITests.swift */,
				906F0B6C28395813009BF118 /* APIErrorTests.swift */,
				906F0B77283969BD009BF118 /* HomeListViewModelTests.swift */,
			);
			path = InshortsTests;
			sourceTree = "<group>";
		};
		904B259C2837E7B900C1F63D /* InshortsUITests */ = {
			isa = PBXGroup;
			children = (
				904B259D2837E7B900C1F63D /* InshortsUITests.swift */,
				904B259F2837E7B900C1F63D /* InshortsUITestsLaunchTests.swift */,
			);
			path = InshortsUITests;
			sourceTree = "<group>";
		};
		904B25AC2839429800C1F63D /* Views */ = {
			isa = PBXGroup;
			children = (
				904B25842837E7B300C1F63D /* HomeListView.swift */,
			);
			path = Views;
			sourceTree = "<group>";
		};
		906F0B622839495C009BF118 /* Models */ = {
			isa = PBXGroup;
			children = (
				906F0B63283949C2009BF118 /* News.swift */,
			);
			path = Models;
			sourceTree = "<group>";
		};
		906F0B6528394BFB009BF118 /* Endpoints */ = {
			isa = PBXGroup;
			children = (
				906F0B6628394C16009BF118 /* API.swift */,
				906F0B6A283957BD009BF118 /* APIError.swift */,
			);
			path = Endpoints;
			sourceTree = "<group>";
		};
		906F0B6E283959D2009BF118 /* Services */ = {
			isa = PBXGroup;
			children = (
				906F0B6F28395A26009BF118 /* NewsService.swift */,
			);
			path = Services;
			sourceTree = "<group>";
		};
		906F0B7128395C5C009BF118 /* Mocks */ = {
			isa = PBXGroup;
			children = (
				906F0B7228395C7C009BF118 /* NewsServiceMock.swift */,
			);
			path = Mocks;
			sourceTree = "<group>";
		};
		906F0B742839605A009BF118 /* ViewModels */ = {
			isa = PBXGroup;
			children = (
				906F0B7528396077009BF118 /* HomeListViewModel.swift */,
			);
			path = ViewModels;
			sourceTree = "<group>";
		};
		906F0B7928397357009BF118 /* Helpers */ = {
			isa = PBXGroup;
			children = (
				906F0B7A28397383009BF118 /* News+Helpers.swift */,
			);
			path = Helpers;
			sourceTree = "<group>";
		};
/* End PBXGroup section */

/* Begin PBXNativeTarget section */
		904B257E2837E7B300C1F63D /* Inshorts */ = {
			isa = PBXNativeTarget;
			buildConfigurationList = 904B25A32837E7B900C1F63D /* Build configuration list for PBXNativeTarget "Inshorts" */;
			buildPhases = (
				904B257B2837E7B300C1F63D /* Sources */,
				904B257C2837E7B300C1F63D /* Frameworks */,
				904B257D2837E7B300C1F63D /* Resources */,
			);
			buildRules = (
			);
			dependencies = (
			);
			name = Inshorts;
			productName = InshortsAPI;
			productReference = 904B257F2837E7B300C1F63D /* Inshorts.app */;
			productType = "com.apple.product-type.application";
		};
		904B258E2837E7B900C1F63D /* InshortsTests */ = {
			isa = PBXNativeTarget;
			buildConfigurationList = 904B25A62837E7B900C1F63D /* Build configuration list for PBXNativeTarget "InshortsTests" */;
			buildPhases = (
				904B258B2837E7B900C1F63D /* Sources */,
				904B258C2837E7B900C1F63D /* Frameworks */,
				904B258D2837E7B900C1F63D /* Resources */,
			);
			buildRules = (
			);
			dependencies = (
				904B25912837E7B900C1F63D /* PBXTargetDependency */,
			);
			name = InshortsTests;
			productName = InshortsAPITests;
			productReference = 904B258F2837E7B900C1F63D /* InshortsTests.xctest */;
			productType = "com.apple.product-type.bundle.unit-test";
		};
		904B25982837E7B900C1F63D /* InshortsUITests */ = {
			isa = PBXNativeTarget;
			buildConfigurationList = 904B25A92837E7B900C1F63D /* Build configuration list for PBXNativeTarget "InshortsUITests" */;
			buildPhases = (
				904B25952837E7B900C1F63D /* Sources */,
				904B25962837E7B900C1F63D /* Frameworks */,
				904B25972837E7B900C1F63D /* Resources */,
			);
			buildRules = (
			);
			dependencies = (
				904B259B2837E7B900C1F63D /* PBXTargetDependency */,
			);
			name = InshortsUITests;
			productName = InshortsAPIUITests;
			productReference = 904B25992837E7B900C1F63D /* InshortsUITests.xctest */;
			productType = "com.apple.product-type.bundle.ui-testing";
		};
/* End PBXNativeTarget section */

/* Begin PBXProject section */
		904B25772837E7B300C1F63D /* Project object */ = {
			isa = PBXProject;
			attributes = {
				BuildIndependentTargetsInParallel = 1;
				LastSwiftUpdateCheck = 1340;
				LastUpgradeCheck = 1340;
				TargetAttributes = {
					904B257E2837E7B300C1F63D = {
						CreatedOnToolsVersion = 13.4;
					};
					904B258E2837E7B900C1F63D = {
						CreatedOnToolsVersion = 13.4;
						TestTargetID = 904B257E2837E7B300C1F63D;
					};
					904B25982837E7B900C1F63D = {
						CreatedOnToolsVersion = 13.4;
						TestTargetID = 904B257E2837E7B300C1F63D;
					};
				};
			};
			buildConfigurationList = 904B257A2837E7B300C1F63D /* Build configuration list for PBXProject "Inshorts" */;
			compatibilityVersion = "Xcode 13.0";
			developmentRegion = en;
			hasScannedForEncodings = 0;
			knownRegions = (
				en,
				Base,
			);
			mainGroup = 904B25762837E7B300C1F63D;
			productRefGroup = 904B25802837E7B300C1F63D /* Products */;
			projectDirPath = "";
			projectRoot = "";
			targets = (
				904B257E2837E7B300C1F63D /* Inshorts */,
				904B258E2837E7B900C1F63D /* InshortsTests */,
				904B25982837E7B900C1F63D /* InshortsUITests */,
			);
		};
/* End PBXProject section */

/* Begin PBXResourcesBuildPhase section */
		904B257D2837E7B300C1F63D /* Resources */ = {
			isa = PBXResourcesBuildPhase;
			buildActionMask = 2147483647;
			files = (
				904B258A2837E7B800C1F63D /* Preview Assets.xcassets in Resources */,
				904B25872837E7B800C1F63D /* Assets.xcassets in Resources */,
			);
			runOnlyForDeploymentPostprocessing = 0;
		};
		904B258D2837E7B900C1F63D /* Resources */ = {
			isa = PBXResourcesBuildPhase;
			buildActionMask = 2147483647;
			files = (
			);
			runOnlyForDeploymentPostprocessing = 0;
		};
		904B25972837E7B900C1F63D /* Resources */ = {
			isa = PBXResourcesBuildPhase;
			buildActionMask = 2147483647;
			files = (
			);
			runOnlyForDeploymentPostprocessing = 0;
		};
/* End PBXResourcesBuildPhase section */

/* Begin PBXSourcesBuildPhase section */
		904B257B2837E7B300C1F63D /* Sources */ = {
			isa = PBXSourcesBuildPhase;
			buildActionMask = 2147483647;
			files = (
				906F0B7028395A26009BF118 /* NewsService.swift in Sources */,
				906F0B64283949C2009BF118 /* News.swift in Sources */,
				906F0B7628396077009BF118 /* HomeListViewModel.swift in Sources */,
				906F0B6B283957BD009BF118 /* APIError.swift in Sources */,
				904B25852837E7B300C1F63D /* HomeListView.swift in Sources */,
				906F0B6728394C16009BF118 /* API.swift in Sources */,
				904B25832837E7B300C1F63D /* InshortsApp.swift in Sources */,
			);
			runOnlyForDeploymentPostprocessing = 0;
		};
		904B258B2837E7B900C1F63D /* Sources */ = {
			isa = PBXSourcesBuildPhase;
			buildActionMask = 2147483647;
			files = (
				906F0B7328395C7C009BF118 /* NewsServiceMock.swift in Sources */,
				906F0B6D28395813009BF118 /* APIErrorTests.swift in Sources */,
				906F0B6928394EE6009BF118 /* APITests.swift in Sources */,
				906F0B7B28397383009BF118 /* News+Helpers.swift in Sources */,
				906F0B78283969BD009BF118 /* HomeListViewModelTests.swift in Sources */,
			);
			runOnlyForDeploymentPostprocessing = 0;
		};
		904B25952837E7B900C1F63D /* Sources */ = {
			isa = PBXSourcesBuildPhase;
			buildActionMask = 2147483647;
			files = (
				904B259E2837E7B900C1F63D /* InshortsUITests.swift in Sources */,
				904B25A02837E7B900C1F63D /* InshortsUITestsLaunchTests.swift in Sources */,
			);
			runOnlyForDeploymentPostprocessing = 0;
		};
/* End PBXSourcesBuildPhase section */

/* Begin PBXTargetDependency section */
		904B25912837E7B900C1F63D /* PBXTargetDependency */ = {
			isa = PBXTargetDependency;
			target = 904B257E2837E7B300C1F63D /* Inshorts */;
			targetProxy = 904B25902837E7B900C1F63D /* PBXContainerItemProxy */;
		};
		904B259B2837E7B900C1F63D /* PBXTargetDependency */ = {
			isa = PBXTargetDependency;
			target = 904B257E2837E7B300C1F63D /* Inshorts */;
			targetProxy = 904B259A2837E7B900C1F63D /* PBXContainerItemProxy */;
		};
/* End PBXTargetDependency section */

/* Begin XCBuildConfiguration section */
		904B25A12837E7B900C1F63D /* Debug */ = {
			isa = XCBuildConfiguration;
			buildSettings = {
				ALWAYS_SEARCH_USER_PATHS = NO;
				CLANG_ANALYZER_NONNULL = YES;
				CLANG_ANALYZER_NUMBER_OBJECT_CONVERSION = YES_AGGRESSIVE;
				CLANG_CXX_LANGUAGE_STANDARD = "gnu++17";
				CLANG_ENABLE_MODULES = YES;
				CLANG_ENABLE_OBJC_ARC = YES;
				CLANG_ENABLE_OBJC_WEAK = YES;
				CLANG_WARN_BLOCK_CAPTURE_AUTORELEASING = YES;
				CLANG_WARN_BOOL_CONVERSION = YES;
				CLANG_WARN_COMMA = YES;
				CLANG_WARN_CONSTANT_CONVERSION = YES;
				CLANG_WARN_DEPRECATED_OBJC_IMPLEMENTATIONS = YES;
				CLANG_WARN_DIRECT_OBJC_ISA_USAGE = YES_ERROR;
				CLANG_WARN_DOCUMENTATION_COMMENTS = YES;
				CLANG_WARN_EMPTY_BODY = YES;
				CLANG_WARN_ENUM_CONVERSION = YES;
				CLANG_WARN_INFINITE_RECURSION = YES;
				CLANG_WARN_INT_CONVERSION = YES;
				CLANG_WARN_NON_LITERAL_NULL_CONVERSION = YES;
				CLANG_WARN_OBJC_IMPLICIT_RETAIN_SELF = YES;
				CLANG_WARN_OBJC_LITERAL_CONVERSION = YES;
				CLANG_WARN_OBJC_ROOT_CLASS = YES_ERROR;
				CLANG_WARN_QUOTED_INCLUDE_IN_FRAMEWORK_HEADER = YES;
				CLANG_WARN_RANGE_LOOP_ANALYSIS = YES;
				CLANG_WARN_STRICT_PROTOTYPES = YES;
				CLANG_WARN_SUSPICIOUS_MOVE = YES;
				CLANG_WARN_UNGUARDED_AVAILABILITY = YES_AGGRESSIVE;
				CLANG_WARN_UNREACHABLE_CODE = YES;
				CLANG_WARN__DUPLICATE_METHOD_MATCH = YES;
				COPY_PHASE_STRIP = NO;
				DEBUG_INFORMATION_FORMAT = dwarf;
				ENABLE_STRICT_OBJC_MSGSEND = YES;
				ENABLE_TESTABILITY = YES;
				GCC_C_LANGUAGE_STANDARD = gnu11;
				GCC_DYNAMIC_NO_PIC = NO;
				GCC_NO_COMMON_BLOCKS = YES;
				GCC_OPTIMIZATION_LEVEL = 0;
				GCC_PREPROCESSOR_DEFINITIONS = (
					"DEBUG=1",
					"$(inherited)",
				);
				GCC_WARN_64_TO_32_BIT_CONVERSION = YES;
				GCC_WARN_ABOUT_RETURN_TYPE = YES_ERROR;
				GCC_WARN_UNDECLARED_SELECTOR = YES;
				GCC_WARN_UNINITIALIZED_AUTOS = YES_AGGRESSIVE;
				GCC_WARN_UNUSED_FUNCTION = YES;
				GCC_WARN_UNUSED_VARIABLE = YES;
				IPHONEOS_DEPLOYMENT_TARGET = 15.5;
				MTL_ENABLE_DEBUG_INFO = INCLUDE_SOURCE;
				MTL_FAST_MATH = YES;
				ONLY_ACTIVE_ARCH = YES;
				SDKROOT = iphoneos;
				SWIFT_ACTIVE_COMPILATION_CONDITIONS = DEBUG;
				SWIFT_OPTIMIZATION_LEVEL = "-Onone";
			};
			name = Debug;
		};
		904B25A22837E7B900C1F63D /* Release */ = {
			isa = XCBuildConfiguration;
			buildSettings = {
				ALWAYS_SEARCH_USER_PATHS = NO;
				CLANG_ANALYZER_NONNULL = YES;
				CLANG_ANALYZER_NUMBER_OBJECT_CONVERSION = YES_AGGRESSIVE;
				CLANG_CXX_LANGUAGE_STANDARD = "gnu++17";
				CLANG_ENABLE_MODULES = YES;
				CLANG_ENABLE_OBJC_ARC = YES;
				CLANG_ENABLE_OBJC_WEAK = YES;
				CLANG_WARN_BLOCK_CAPTURE_AUTORELEASING = YES;
				CLANG_WARN_BOOL_CONVERSION = YES;
				CLANG_WARN_COMMA = YES;
				CLANG_WARN_CONSTANT_CONVERSION = YES;
				CLANG_WARN_DEPRECATED_OBJC_IMPLEMENTATIONS = YES;
				CLANG_WARN_DIRECT_OBJC_ISA_USAGE = YES_ERROR;
				CLANG_WARN_DOCUMENTATION_COMMENTS = YES;
				CLANG_WARN_EMPTY_BODY = YES;
				CLANG_WARN_ENUM_CONVERSION = YES;
				CLANG_WARN_INFINITE_RECURSION = YES;
				CLANG_WARN_INT_CONVERSION = YES;
				CLANG_WARN_NON_LITERAL_NULL_CONVERSION = YES;
				CLANG_WARN_OBJC_IMPLICIT_RETAIN_SELF = YES;
				CLANG_WARN_OBJC_LITERAL_CONVERSION = YES;
				CLANG_WARN_OBJC_ROOT_CLASS = YES_ERROR;
				CLANG_WARN_QUOTED_INCLUDE_IN_FRAMEWORK_HEADER = YES;
				CLANG_WARN_RANGE_LOOP_ANALYSIS = YES;
				CLANG_WARN_STRICT_PROTOTYPES = YES;
				CLANG_WARN_SUSPICIOUS_MOVE = YES;
				CLANG_WARN_UNGUARDED_AVAILABILITY = YES_AGGRESSIVE;
				CLANG_WARN_UNREACHABLE_CODE = YES;
				CLANG_WARN__DUPLICATE_METHOD_MATCH = YES;
				COPY_PHASE_STRIP = NO;
				DEBUG_INFORMATION_FORMAT = "dwarf-with-dsym";
				ENABLE_NS_ASSERTIONS = NO;
				ENABLE_STRICT_OBJC_MSGSEND = YES;
				GCC_C_LANGUAGE_STANDARD = gnu11;
				GCC_NO_COMMON_BLOCKS = YES;
				GCC_WARN_64_TO_32_BIT_CONVERSION = YES;
				GCC_WARN_ABOUT_RETURN_TYPE = YES_ERROR;
				GCC_WARN_UNDECLARED_SELECTOR = YES;
				GCC_WARN_UNINITIALIZED_AUTOS = YES_AGGRESSIVE;
				GCC_WARN_UNUSED_FUNCTION = YES;
				GCC_WARN_UNUSED_VARIABLE = YES;
				IPHONEOS_DEPLOYMENT_TARGET = 15.5;
				MTL_ENABLE_DEBUG_INFO = NO;
				MTL_FAST_MATH = YES;
				SDKROOT = iphoneos;
				SWIFT_COMPILATION_MODE = wholemodule;
				SWIFT_OPTIMIZATION_LEVEL = "-O";
				VALIDATE_PRODUCT = YES;
			};
			name = Release;
		};
		904B25A42837E7B900C1F63D /* Debug */ = {
			isa = XCBuildConfiguration;
			buildSettings = {
				ASSETCATALOG_COMPILER_APPICON_NAME = AppIcon;
				ASSETCATALOG_COMPILER_GLOBAL_ACCENT_COLOR_NAME = AccentColor;
				CODE_SIGN_STYLE = Automatic;
				CURRENT_PROJECT_VERSION = 1;
				DEVELOPMENT_ASSET_PATHS = "\"Inshorts/Preview Content\"";
				ENABLE_PREVIEWS = YES;
				GENERATE_INFOPLIST_FILE = YES;
				INFOPLIST_KEY_UIApplicationSceneManifest_Generation = YES;
				INFOPLIST_KEY_UIApplicationSupportsIndirectInputEvents = YES;
				INFOPLIST_KEY_UILaunchScreen_Generation = YES;
				INFOPLIST_KEY_UISupportedInterfaceOrientations_iPad = "UIInterfaceOrientationPortrait UIInterfaceOrientationPortraitUpsideDown UIInterfaceOrientationLandscapeLeft UIInterfaceOrientationLandscapeRight";
				INFOPLIST_KEY_UISupportedInterfaceOrientations_iPhone = "UIInterfaceOrientationPortrait UIInterfaceOrientationLandscapeLeft UIInterfaceOrientationLandscapeRight";
				LD_RUNPATH_SEARCH_PATHS = (
					"$(inherited)",
					"@executable_path/Frameworks",
				);
				MARKETING_VERSION = 1.0;
				PRODUCT_BUNDLE_IDENTIFIER = com.Michal.Inshorts;
				PRODUCT_NAME = "$(TARGET_NAME)";
				SWIFT_EMIT_LOC_STRINGS = YES;
				SWIFT_VERSION = 5.0;
				TARGETED_DEVICE_FAMILY = "1,2";
			};
			name = Debug;
		};
		904B25A52837E7B900C1F63D /* Release */ = {
			isa = XCBuildConfiguration;
			buildSettings = {
				ASSETCATALOG_COMPILER_APPICON_NAME = AppIcon;
				ASSETCATALOG_COMPILER_GLOBAL_ACCENT_COLOR_NAME = AccentColor;
				CODE_SIGN_STYLE = Automatic;
				CURRENT_PROJECT_VERSION = 1;
				DEVELOPMENT_ASSET_PATHS = "\"Inshorts/Preview Content\"";
				ENABLE_PREVIEWS = YES;
				GENERATE_INFOPLIST_FILE = YES;
				INFOPLIST_KEY_UIApplicationSceneManifest_Generation = YES;
				INFOPLIST_KEY_UIApplicationSupportsIndirectInputEvents = YES;
				INFOPLIST_KEY_UILaunchScreen_Generation = YES;
				INFOPLIST_KEY_UISupportedInterfaceOrientations_iPad = "UIInterfaceOrientationPortrait UIInterfaceOrientationPortraitUpsideDown UIInterfaceOrientationLandscapeLeft UIInterfaceOrientationLandscapeRight";
				INFOPLIST_KEY_UISupportedInterfaceOrientations_iPhone = "UIInterfaceOrientationPortrait UIInterfaceOrientationLandscapeLeft UIInterfaceOrientationLandscapeRight";
				LD_RUNPATH_SEARCH_PATHS = (
					"$(inherited)",
					"@executable_path/Frameworks",
				);
				MARKETING_VERSION = 1.0;
				PRODUCT_BUNDLE_IDENTIFIER = com.Michal.Inshorts;
				PRODUCT_NAME = "$(TARGET_NAME)";
				SWIFT_EMIT_LOC_STRINGS = YES;
				SWIFT_VERSION = 5.0;
				TARGETED_DEVICE_FAMILY = "1,2";
			};
			name = Release;
		};
		904B25A72837E7B900C1F63D /* Debug */ = {
			isa = XCBuildConfiguration;
			buildSettings = {
				ALWAYS_EMBED_SWIFT_STANDARD_LIBRARIES = YES;
				BUNDLE_LOADER = "$(TEST_HOST)";
				CODE_SIGN_STYLE = Automatic;
				CURRENT_PROJECT_VERSION = 1;
				GENERATE_INFOPLIST_FILE = YES;
				IPHONEOS_DEPLOYMENT_TARGET = 15.5;
				MARKETING_VERSION = 1.0;
				PRODUCT_BUNDLE_IDENTIFIER = com.Michal.InshortsAPITests;
				PRODUCT_NAME = "$(TARGET_NAME)";
				SWIFT_EMIT_LOC_STRINGS = NO;
				SWIFT_VERSION = 5.0;
				TARGETED_DEVICE_FAMILY = "1,2";
				TEST_HOST = "$(BUILT_PRODUCTS_DIR)/Inshorts.app/Inshorts";
			};
			name = Debug;
		};
		904B25A82837E7B900C1F63D /* Release */ = {
			isa = XCBuildConfiguration;
			buildSettings = {
				ALWAYS_EMBED_SWIFT_STANDARD_LIBRARIES = YES;
				BUNDLE_LOADER = "$(TEST_HOST)";
				CODE_SIGN_STYLE = Automatic;
				CURRENT_PROJECT_VERSION = 1;
				GENERATE_INFOPLIST_FILE = YES;
				IPHONEOS_DEPLOYMENT_TARGET = 15.5;
				MARKETING_VERSION = 1.0;
				PRODUCT_BUNDLE_IDENTIFIER = com.Michal.InshortsAPITests;
				PRODUCT_NAME = "$(TARGET_NAME)";
				SWIFT_EMIT_LOC_STRINGS = NO;
				SWIFT_VERSION = 5.0;
				TARGETED_DEVICE_FAMILY = "1,2";
				TEST_HOST = "$(BUILT_PRODUCTS_DIR)/Inshorts.app/Inshorts";
			};
			name = Release;
		};
		904B25AA2837E7B900C1F63D /* Debug */ = {
			isa = XCBuildConfiguration;
			buildSettings = {
				ALWAYS_EMBED_SWIFT_STANDARD_LIBRARIES = YES;
				CODE_SIGN_STYLE = Automatic;
				CURRENT_PROJECT_VERSION = 1;
				GENERATE_INFOPLIST_FILE = YES;
				MARKETING_VERSION = 1.0;
				PRODUCT_BUNDLE_IDENTIFIER = com.Michal.InshortsAPIUITests;
				PRODUCT_NAME = "$(TARGET_NAME)";
				SWIFT_EMIT_LOC_STRINGS = NO;
				SWIFT_VERSION = 5.0;
				TARGETED_DEVICE_FAMILY = "1,2";
				TEST_TARGET_NAME = InshortsAPI;
			};
			name = Debug;
		};
		904B25AB2837E7B900C1F63D /* Release */ = {
			isa = XCBuildConfiguration;
			buildSettings = {
				ALWAYS_EMBED_SWIFT_STANDARD_LIBRARIES = YES;
				CODE_SIGN_STYLE = Automatic;
				CURRENT_PROJECT_VERSION = 1;
				GENERATE_INFOPLIST_FILE = YES;
				MARKETING_VERSION = 1.0;
				PRODUCT_BUNDLE_IDENTIFIER = com.Michal.InshortsAPIUITests;
				PRODUCT_NAME = "$(TARGET_NAME)";
				SWIFT_EMIT_LOC_STRINGS = NO;
				SWIFT_VERSION = 5.0;
				TARGETED_DEVICE_FAMILY = "1,2";
				TEST_TARGET_NAME = InshortsAPI;
			};
			name = Release;
		};
/* End XCBuildConfiguration section */

/* Begin XCConfigurationList section */
		904B257A2837E7B300C1F63D /* Build configuration list for PBXProject "Inshorts" */ = {
			isa = XCConfigurationList;
			buildConfigurations = (
				904B25A12837E7B900C1F63D /* Debug */,
				904B25A22837E7B900C1F63D /* Release */,
			);
			defaultConfigurationIsVisible = 0;
			defaultConfigurationName = Release;
		};
		904B25A32837E7B900C1F63D /* Build configuration list for PBXNativeTarget "Inshorts" */ = {
			isa = XCConfigurationList;
			buildConfigurations = (
				904B25A42837E7B900C1F63D /* Debug */,
				904B25A52837E7B900C1F63D /* Release */,
			);
			defaultConfigurationIsVisible = 0;
			defaultConfigurationName = Release;
		};
		904B25A62837E7B900C1F63D /* Build configuration list for PBXNativeTarget "InshortsTests" */ = {
			isa = XCConfigurationList;
			buildConfigurations = (
				904B25A72837E7B900C1F63D /* Debug */,
				904B25A82837E7B900C1F63D /* Release */,
			);
			defaultConfigurationIsVisible = 0;
			defaultConfigurationName = Release;
		};
		904B25A92837E7B900C1F63D /* Build configuration list for PBXNativeTarget "InshortsUITests" */ = {
			isa = XCConfigurationList;
			buildConfigurations = (
				904B25AA2837E7B900C1F63D /* Debug */,
				904B25AB2837E7B900C1F63D /* Release */,
			);
			defaultConfigurationIsVisible = 0;
			defaultConfigurationName = Release;
		};
/* End XCConfigurationList section */
	};
	rootObject = 904B25772837E7B300C1F63D /* Project object */;
}
